
Microsoft Visual Studio Solution File, Format Version 12.00
# Visual Studio Version 17
VisualStudioVersion = 17.9.34714.143
MinimumVisualStudioVersion = 10.0.40219.1
Project("{9A19103F-16F7-4668-BE54-9A1E7A4F7556}") = "Bankomat", "Testing\Bankomat.csproj", "{C6230DD3-1A11-4815-9B02-ED7E7C593E6B}"
EndProject
Global
	GlobalSection(SolutionConfigurationPlatforms) = preSolution
		Debug|Any CPU = Debug|Any CPU
		Release|Any CPU = Release|Any CPU
	EndGlobalSection
	GlobalSection(ProjectConfigurationPlatforms) = postSolution
		{C6230DD3-1A11-4815-9B02-ED7E7C593E6B}.Debug|Any CPU.ActiveCfg = Debug|Any CPU
		{C6230DD3-1A11-4815-9B02-ED7E7C593E6B}.Debug|Any CPU.Build.0 = Debug|Any CPU
		{C6230DD3-1A11-4815-9B02-ED7E7C593E6B}.Release|Any CPU.ActiveCfg = Release|Any CPU
		{C6230DD3-1A11-4815-9B02-ED7E7C593E6B}.Release|Any CPU.Build.0 = Release|Any CPU
	EndGlobalSection
	GlobalSection(SolutionProperties) = preSolution
		HideSolutionNode = FALSE
	EndGlobalSection
	GlobalSection(ExtensibilityGlobals) = postSolution
		SolutionGuid = {198C3A52-F3BD-446C-93C8-71E54A4E8350}
	EndGlobalSection
EndGlobal
